// !$*UTF8*$!
{
	archiveVersion = 1;
	classes = {
	};
	objectVersion = 46;
	objects = {

/* Begin PBXBuildFile section */
		BA01D2561E9123A800DBB580 /* AppDelegate.swift in Sources */ = {isa = PBXBuildFile; fileRef = BA01D2551E9123A800DBB580 /* AppDelegate.swift */; };
		BA01D2581E9123A800DBB580 /* ViewController.swift in Sources */ = {isa = PBXBuildFile; fileRef = BA01D2571E9123A800DBB580 /* ViewController.swift */; };
		BA01D25B1E9123A800DBB580 /* Main.storyboard in Resources */ = {isa = PBXBuildFile; fileRef = BA01D2591E9123A800DBB580 /* Main.storyboard */; };
		BA01D25D1E9123A800DBB580 /* Assets.xcassets in Resources */ = {isa = PBXBuildFile; fileRef = BA01D25C1E9123A800DBB580 /* Assets.xcassets */; };
		BA01D2601E9123A800DBB580 /* LaunchScreen.storyboard in Resources */ = {isa = PBXBuildFile; fileRef = BA01D25E1E9123A800DBB580 /* LaunchScreen.storyboard */; };
		BA01D26B1E9123A900DBB580 /* MapKitDirectionTests.swift in Sources */ = {isa = PBXBuildFile; fileRef = BA01D26A1E9123A900DBB580 /* MapKitDirectionTests.swift */; };
		BA01D2761E9123A900DBB580 /* MapKitDirectionUITests.swift in Sources */ = {isa = PBXBuildFile; fileRef = BA01D2751E9123A900DBB580 /* MapKitDirectionUITests.swift */; };
		BA01D2851E9123B600DBB580 /* MapKit.framework in Frameworks */ = {isa = PBXBuildFile; fileRef = BA01D2841E9123B600DBB580 /* MapKit.framework */; };
/* End PBXBuildFile section */

/* Begin PBXContainerItemProxy section */
		BA01D2671E9123A900DBB580 /* PBXContainerItemProxy */ = {
			isa = PBXContainerItemProxy;
			containerPortal = BA01D24A1E9123A800DBB580 /* Project object */;
			proxyType = 1;
			remoteGlobalIDString = BA01D2511E9123A800DBB580;
			remoteInfo = MapKitDirection;
		};
		BA01D2721E9123A900DBB580 /* PBXContainerItemProxy */ = {
			isa = PBXContainerItemProxy;
			containerPortal = BA01D24A1E9123A800DBB580 /* Project object */;
			proxyType = 1;
			remoteGlobalIDString = BA01D2511E9123A800DBB580;
			remoteInfo = MapKitDirection;
		};
/* End PBXContainerItemProxy section */

/* Begin PBXFileReference section */
		BA01D2521E9123A800DBB580 /* MapKitDirection.app */ = {isa = PBXFileReference; explicitFileType = wrapper.application; includeInIndex = 0; path = MapKitDirection.app; sourceTree = BUILT_PRODUCTS_DIR; };
		BA01D2551E9123A800DBB580 /* AppDelegate.swift */ = {isa = PBXFileReference; lastKnownFileType = sourcecode.swift; path = AppDelegate.swift; sourceTree = "<group>"; };
		BA01D2571E9123A800DBB580 /* ViewController.swift */ = {isa = PBXFileReference; lastKnownFileType = sourcecode.swift; path = ViewController.swift; sourceTree = "<group>"; };
		BA01D25A1E9123A800DBB580 /* Base */ = {isa = PBXFileReference; lastKnownFileType = file.storyboard; name = Base; path = Base.lproj/Main.storyboard; sourceTree = "<group>"; };
		BA01D25C1E9123A800DBB580 /* Assets.xcassets */ = {isa = PBXFileReference; lastKnownFileType = folder.assetcatalog; path = Assets.xcassets; sourceTree = "<group>"; };
		BA01D25F1E9123A800DBB580 /* Base */ = {isa = PBXFileReference; lastKnownFileType = file.storyboard; name = Base; path = Base.lproj/LaunchScreen.storyboard; sourceTree = "<group>"; };
		BA01D2611E9123A800DBB580 /* Info.plist */ = {isa = PBXFileReference; lastKnownFileType = text.plist.xml; path = Info.plist; sourceTree = "<group>"; };
		BA01D2661E9123A900DBB580 /* MapKitDirectionTests.xctest */ = {isa = PBXFileReference; explicitFileType = wrapper.cfbundle; includeInIndex = 0; path = MapKitDirectionTests.xctest; sourceTree = BUILT_PRODUCTS_DIR; };
		BA01D26A1E9123A900DBB580 /* MapKitDirectionTests.swift */ = {isa = PBXFileReference; lastKnownFileType = sourcecode.swift; path = MapKitDirectionTests.swift; sourceTree = "<group>"; };
		BA01D26C1E9123A900DBB580 /* Info.plist */ = {isa = PBXFileReference; lastKnownFileType = text.plist.xml; path = Info.plist; sourceTree = "<group>"; };
		BA01D2711E9123A900DBB580 /* MapKitDirectionUITests.xctest */ = {isa = PBXFileReference; explicitFileType = wrapper.cfbundle; includeInIndex = 0; path = MapKitDirectionUITests.xctest; sourceTree = BUILT_PRODUCTS_DIR; };
		BA01D2751E9123A900DBB580 /* MapKitDirectionUITests.swift */ = {isa = PBXFileReference; lastKnownFileType = sourcecode.swift; path = MapKitDirectionUITests.swift; sourceTree = "<group>"; };
		BA01D2771E9123A900DBB580 /* Info.plist */ = {isa = PBXFileReference; lastKnownFileType = text.plist.xml; path = Info.plist; sourceTree = "<group>"; };
		BA01D2841E9123B600DBB580 /* MapKit.framework */ = {isa = PBXFileReference; lastKnownFileType = wrapper.framework; name = MapKit.framework; path = System/Library/Frameworks/MapKit.framework; sourceTree = SDKROOT; };
/* End PBXFileReference section */

/* Begin PBXFrameworksBuildPhase section */
		BA01D24F1E9123A800DBB580 /* Frameworks */ = {
			isa = PBXFrameworksBuildPhase;
			buildActionMask = 2147483647;
			files = (
				BA01D2851E9123B600DBB580 /* MapKit.framework in Frameworks */,
			);
			runOnlyForDeploymentPostprocessing = 0;
		};
		BA01D2631E9123A900DBB580 /* Frameworks */ = {
			isa = PBXFrameworksBuildPhase;
			buildActionMask = 2147483647;
			files = (
			);
			runOnlyForDeploymentPostprocessing = 0;
		};
		BA01D26E1E9123A900DBB580 /* Frameworks */ = {
			isa = PBXFrameworksBuildPhase;
			buildActionMask = 2147483647;
			files = (
			);
			runOnlyForDeploymentPostprocessing = 0;
		};
/* End PBXFrameworksBuildPhase section */

/* Begin PBXGroup section */
		BA01D2491E9123A800DBB580 = {
			isa = PBXGroup;
			children = (
				BA01D2541E9123A800DBB580 /* MapKitDirection */,
				BA01D2691E9123A900DBB580 /* MapKitDirectionTests */,
				BA01D2741E9123A900DBB580 /* MapKitDirectionUITests */,
				BA01D2531E9123A800DBB580 /* Products */,
				BA01D2831E9123B600DBB580 /* Frameworks */,
			);
			sourceTree = "<group>";
		};
		BA01D2531E9123A800DBB580 /* Products */ = {
			isa = PBXGroup;
			children = (
				BA01D2521E9123A800DBB580 /* MapKitDirection.app */,
				BA01D2661E9123A900DBB580 /* MapKitDirectionTests.xctest */,
				BA01D2711E9123A900DBB580 /* MapKitDirectionUITests.xctest */,
			);
			name = Products;
			sourceTree = "<group>";
		};
		BA01D2541E9123A800DBB580 /* MapKitDirection */ = {
			isa = PBXGroup;
			children = (
				BA01D2551E9123A800DBB580 /* AppDelegate.swift */,
				BA01D2571E9123A800DBB580 /* ViewController.swift */,
				BA01D2591E9123A800DBB580 /* Main.storyboard */,
				BA01D25C1E9123A800DBB580 /* Assets.xcassets */,
				BA01D25E1E9123A800DBB580 /* LaunchScreen.storyboard */,
				BA01D2611E9123A800DBB580 /* Info.plist */,
			);
			path = MapKitDirection;
			sourceTree = "<group>";
		};
		BA01D2691E9123A900DBB580 /* MapKitDirectionTests */ = {
			isa = PBXGroup;
			children = (
				BA01D26A1E9123A900DBB580 /* MapKitDirectionTests.swift */,
				BA01D26C1E9123A900DBB580 /* Info.plist */,
			);
			path = MapKitDirectionTests;
			sourceTree = "<group>";
		};
		BA01D2741E9123A900DBB580 /* MapKitDirectionUITests */ = {
			isa = PBXGroup;
			children = (
				BA01D2751E9123A900DBB580 /* MapKitDirectionUITests.swift */,
				BA01D2771E9123A900DBB580 /* Info.plist */,
			);
			path = MapKitDirectionUITests;
			sourceTree = "<group>";
		};
		BA01D2831E9123B600DBB580 /* Frameworks */ = {
			isa = PBXGroup;
			children = (
				BA01D2841E9123B600DBB580 /* MapKit.framework */,
			);
			name = Frameworks;
			sourceTree = "<group>";
		};
/* End PBXGroup section */

/* Begin PBXNativeTarget section */
		BA01D2511E9123A800DBB580 /* MapKitDirection */ = {
			isa = PBXNativeTarget;
			buildConfigurationList = BA01D27A1E9123A900DBB580 /* Build configuration list for PBXNativeTarget "MapKitDirection" */;
			buildPhases = (
				BA01D24E1E9123A800DBB580 /* Sources */,
				BA01D24F1E9123A800DBB580 /* Frameworks */,
				BA01D2501E9123A800DBB580 /* Resources */,
			);
			buildRules = (
			);
			dependencies = (
			);
			name = MapKitDirection;
			productName = MapKitDirection;
			productReference = BA01D2521E9123A800DBB580 /* MapKitDirection.app */;
			productType = "com.apple.product-type.application";
		};
		BA01D2651E9123A900DBB580 /* MapKitDirectionTests */ = {
			isa = PBXNativeTarget;
			buildConfigurationList = BA01D27D1E9123A900DBB580 /* Build configuration list for PBXNativeTarget "MapKitDirectionTests" */;
			buildPhases = (
				BA01D2621E9123A900DBB580 /* Sources */,
				BA01D2631E9123A900DBB580 /* Frameworks */,
				BA01D2641E9123A900DBB580 /* Resources */,
			);
			buildRules = (
			);
			dependencies = (
				BA01D2681E9123A900DBB580 /* PBXTargetDependency */,
			);
			name = MapKitDirectionTests;
			productName = MapKitDirectionTests;
			productReference = BA01D2661E9123A900DBB580 /* MapKitDirectionTests.xctest */;
			productType = "com.apple.product-type.bundle.unit-test";
		};
		BA01D2701E9123A900DBB580 /* MapKitDirectionUITests */ = {
			isa = PBXNativeTarget;
			buildConfigurationList = BA01D2801E9123A900DBB580 /* Build configuration list for PBXNativeTarget "MapKitDirectionUITests" */;
			buildPhases = (
				BA01D26D1E9123A900DBB580 /* Sources */,
				BA01D26E1E9123A900DBB580 /* Frameworks */,
				BA01D26F1E9123A900DBB580 /* Resources */,
			);
			buildRules = (
			);
			dependencies = (
				BA01D2731E9123A900DBB580 /* PBXTargetDependency */,
			);
			name = MapKitDirectionUITests;
			productName = MapKitDirectionUITests;
			productReference = BA01D2711E9123A900DBB580 /* MapKitDirectionUITests.xctest */;
			productType = "com.apple.product-type.bundle.ui-testing";
		};
/* End PBXNativeTarget section */

/* Begin PBXProject section */
		BA01D24A1E9123A800DBB580 /* Project object */ = {
			isa = PBXProject;
			attributes = {
				LastSwiftUpdateCheck = 0830;
				LastUpgradeCheck = 0830;
				ORGANIZATIONNAME = "Vladyslav Filippov";
				TargetAttributes = {
					BA01D2511E9123A800DBB580 = {
						CreatedOnToolsVersion = 8.3;
						DevelopmentTeam = 6EPR9L98WL;
						ProvisioningStyle = Automatic;
						SystemCapabilities = {
							com.apple.Maps.iOS = {
								enabled = 1;
							};
						};
					};
					BA01D2651E9123A900DBB580 = {
						CreatedOnToolsVersion = 8.3;
						DevelopmentTeam = 6EPR9L98WL;
						ProvisioningStyle = Automatic;
						TestTargetID = BA01D2511E9123A800DBB580;
					};
					BA01D2701E9123A900DBB580 = {
						CreatedOnToolsVersion = 8.3;
						DevelopmentTeam = 6EPR9L98WL;
						ProvisioningStyle = Automatic;
						TestTargetID = BA01D2511E9123A800DBB580;
					};
				};
			};
			buildConfigurationList = BA01D24D1E9123A800DBB580 /* Build configuration list for PBXProject "MapKitDirection" */;
			compatibilityVersion = "Xcode 3.2";
			developmentRegion = English;
			hasScannedForEncodings = 0;
			knownRegions = (
				en,
				Base,
			);
			mainGroup = BA01D2491E9123A800DBB580;
			productRefGroup = BA01D2531E9123A800DBB580 /* Products */;
			projectDirPath = "";
			projectRoot = "";
			targets = (
				BA01D2511E9123A800DBB580 /* MapKitDirection */,
				BA01D2651E9123A900DBB580 /* MapKitDirectionTests */,
				BA01D2701E9123A900DBB580 /* MapKitDirectionUITests */,
			);
		};
/* End PBXProject section */

/* Begin PBXResourcesBuildPhase section */
		BA01D2501E9123A800DBB580 /* Resources */ = {
			isa = PBXResourcesBuildPhase;
			buildActionMask = 2147483647;
			files = (
				BA01D2601E9123A800DBB580 /* LaunchScreen.storyboard in Resources */,
				BA01D25D1E9123A800DBB580 /* Assets.xcassets in Resources */,
				BA01D25B1E9123A800DBB580 /* Main.storyboard in Resources */,
			);
			runOnlyForDeploymentPostprocessing = 0;
		};
		BA01D2641E9123A900DBB580 /* Resources */ = {
			isa = PBXResourcesBuildPhase;
			buildActionMask = 2147483647;
			files = (
			);
			runOnlyForDeploymentPostprocessing = 0;
		};
		BA01D26F1E9123A900DBB580 /* Resources */ = {
			isa = PBXResourcesBuildPhase;
			buildActionMask = 2147483647;
			files = (
			);
			runOnlyForDeploymentPostprocessing = 0;
		};
/* End PBXResourcesBuildPhase section */

/* Begin PBXSourcesBuildPhase section */
		BA01D24E1E9123A800DBB580 /* Sources */ = {
			isa = PBXSourcesBuildPhase;
			buildActionMask = 2147483647;
			files = (
				BA01D2581E9123A800DBB580 /* ViewController.swift in Sources */,
				BA01D2561E9123A800DBB580 /* AppDelegate.swift in Sources */,
			);
			runOnlyForDeploymentPostprocessing = 0;
		};
		BA01D2621E9123A900DBB580 /* Sources */ = {
			isa = PBXSourcesBuildPhase;
			buildActionMask = 2147483647;
			files = (
				BA01D26B1E9123A900DBB580 /* MapKitDirectionTests.swift in Sources */,
			);
			runOnlyForDeploymentPostprocessing = 0;
		};
		BA01D26D1E9123A900DBB580 /* Sources */ = {
			isa = PBXSourcesBuildPhase;
			buildActionMask = 2147483647;
			files = (
				BA01D2761E9123A900DBB580 /* MapKitDirectionUITests.swift in Sources */,
			);
			runOnlyForDeploymentPostprocessing = 0;
		};
/* End PBXSourcesBuildPhase section */

/* Begin PBXTargetDependency section */
		BA01D2681E9123A900DBB580 /* PBXTargetDependency */ = {
			isa = PBXTargetDependency;
			target = BA01D2511E9123A800DBB580 /* MapKitDirection */;
			targetProxy = BA01D2671E9123A900DBB580 /* PBXContainerItemProxy */;
		};
		BA01D2731E9123A900DBB580 /* PBXTargetDependency */ = {
			isa = PBXTargetDependency;
			target = BA01D2511E9123A800DBB580 /* MapKitDirection */;
			targetProxy = BA01D2721E9123A900DBB580 /* PBXContainerItemProxy */;
		};
/* End PBXTargetDependency section */

/* Begin PBXVariantGroup section */
		BA01D2591E9123A800DBB580 /* Main.storyboard */ = {
			isa = PBXVariantGroup;
			children = (
				BA01D25A1E9123A800DBB580 /* Base */,
			);
			name = Main.storyboard;
			sourceTree = "<group>";
		};
		BA01D25E1E9123A800DBB580 /* LaunchScreen.storyboard */ = {
			isa = PBXVariantGroup;
			children = (
				BA01D25F1E9123A800DBB580 /* Base */,
			);
			name = LaunchScreen.storyboard;
			sourceTree = "<group>";
		};
/* End PBXVariantGroup section */

/* Begin XCBuildConfiguration section */
		BA01D2781E9123A900DBB580 /* Debug */ = {
			isa = XCBuildConfiguration;
			buildSettings = {
				ALWAYS_SEARCH_USER_PATHS = NO;
				CLANG_ANALYZER_NONNULL = YES;
				CLANG_ANALYZER_NUMBER_OBJECT_CONVERSION = YES_AGGRESSIVE;
				CLANG_CXX_LANGUAGE_STANDARD = "gnu++0x";
				CLANG_CXX_LIBRARY = "libc++";
				CLANG_ENABLE_MODULES = YES;
				CLANG_ENABLE_OBJC_ARC = YES;
				CLANG_WARN_BOOL_CONVERSION = YES;
				CLANG_WARN_CONSTANT_CONVERSION = YES;
				CLANG_WARN_DIRECT_OBJC_ISA_USAGE = YES_ERROR;
				CLANG_WARN_DOCUMENTATION_COMMENTS = YES;
				CLANG_WARN_EMPTY_BODY = YES;
				CLANG_WARN_ENUM_CONVERSION = YES;
				CLANG_WARN_INFINITE_RECURSION = YES;
				CLANG_WARN_INT_CONVERSION = YES;
				CLANG_WARN_OBJC_ROOT_CLASS = YES_ERROR;
				CLANG_WARN_SUSPICIOUS_MOVE = YES;
				CLANG_WARN_UNREACHABLE_CODE = YES;
				CLANG_WARN__DUPLICATE_METHOD_MATCH = YES;
				"CODE_SIGN_IDENTITY[sdk=iphoneos*]" = "iPhone Developer";
				COPY_PHASE_STRIP = NO;
				DEBUG_INFORMATION_FORMAT = dwarf;
				ENABLE_STRICT_OBJC_MSGSEND = YES;
				ENABLE_TESTABILITY = YES;
				GCC_C_LANGUAGE_STANDARD = gnu99;
				GCC_DYNAMIC_NO_PIC = NO;
				GCC_NO_COMMON_BLOCKS = YES;
				GCC_OPTIMIZATION_LEVEL = 0;
				GCC_PREPROCESSOR_DEFINITIONS = (
					"DEBUG=1",
					"$(inherited)",
				);
				GCC_WARN_64_TO_32_BIT_CONVERSION = YES;
				GCC_WARN_ABOUT_RETURN_TYPE = YES_ERROR;
				GCC_WARN_UNDECLARED_SELECTOR = YES;
				GCC_WARN_UNINITIALIZED_AUTOS = YES_AGGRESSIVE;
				GCC_WARN_UNUSED_FUNCTION = YES;
				GCC_WARN_UNUSED_VARIABLE = YES;
				IPHONEOS_DEPLOYMENT_TARGET = 10.3;
				MTL_ENABLE_DEBUG_INFO = YES;
				ONLY_ACTIVE_ARCH = YES;
				SDKROOT = iphoneos;
				SWIFT_ACTIVE_COMPILATION_CONDITIONS = DEBUG;
				SWIFT_OPTIMIZATION_LEVEL = "-Onone";
			};
			name = Debug;
		};
		BA01D2791E9123A900DBB580 /* Release */ = {
			isa = XCBuildConfiguration;
			buildSettings = {
				ALWAYS_SEARCH_USER_PATHS = NO;
				CLANG_ANALYZER_NONNULL = YES;
				CLANG_ANALYZER_NUMBER_OBJECT_CONVERSION = YES_AGGRESSIVE;
				CLANG_CXX_LANGUAGE_STANDARD = "gnu++0x";
				CLANG_CXX_LIBRARY = "libc++";
				CLANG_ENABLE_MODULES = YES;
				CLANG_ENABLE_OBJC_ARC = YES;
				CLANG_WARN_BOOL_CONVERSION = YES;
				CLANG_WARN_CONSTANT_CONVERSION = YES;
				CLANG_WARN_DIRECT_OBJC_ISA_USAGE = YES_ERROR;
				CLANG_WARN_DOCUMENTATION_COMMENTS = YES;
				CLANG_WARN_EMPTY_BODY = YES;
				CLANG_WARN_ENUM_CONVERSION = YES;
				CLANG_WARN_INFINITE_RECURSION = YES;
				CLANG_WARN_INT_CONVERSION = YES;
				CLANG_WARN_OBJC_ROOT_CLASS = YES_ERROR;
				CLANG_WARN_SUSPICIOUS_MOVE = YES;
				CLANG_WARN_UNREACHABLE_CODE = YES;
				CLANG_WARN__DUPLICATE_METHOD_MATCH = YES;
				"CODE_SIGN_IDENTITY[sdk=iphoneos*]" = "iPhone Developer";
				COPY_PHASE_STRIP = NO;
				DEBUG_INFORMATION_FORMAT = "dwarf-with-dsym";
				ENABLE_NS_ASSERTIONS = NO;
				ENABLE_STRICT_OBJC_MSGSEND = YES;
				GCC_C_LANGUAGE_STANDARD = gnu99;
				GCC_NO_COMMON_BLOCKS = YES;
				GCC_WARN_64_TO_32_BIT_CONVERSION = YES;
				GCC_WARN_ABOUT_RETURN_TYPE = YES_ERROR;
				GCC_WARN_UNDECLARED_SELECTOR = YES;
				GCC_WARN_UNINITIALIZED_AUTOS = YES_AGGRESSIVE;
				GCC_WARN_UNUSED_FUNCTION = YES;
				GCC_WARN_UNUSED_VARIABLE = YES;
				IPHONEOS_DEPLOYMENT_TARGET = 10.3;
				MTL_ENABLE_DEBUG_INFO = NO;
				SDKROOT = iphoneos;
				SWIFT_OPTIMIZATION_LEVEL = "-Owholemodule";
				VALIDATE_PRODUCT = YES;
			};
			name = Release;
		};
		BA01D27B1E9123A900DBB580 /* Debug */ = {
			isa = XCBuildConfiguration;
			buildSettings = {
				ASSETCATALOG_COMPILER_APPICON_NAME = AppIcon;
				DEVELOPMENT_TEAM = 6EPR9L98WL;
				INFOPLIST_FILE = MapKitDirection/Info.plist;
				LD_RUNPATH_SEARCH_PATHS = "$(inherited) @executable_path/Frameworks";
				PRODUCT_BUNDLE_IDENTIFIER = VladysalvFIlippov.MapKitDirection;
				PRODUCT_NAME = "$(TARGET_NAME)";
				SWIFT_VERSION = 3.0;
			};
			name = Debug;
		};
		BA01D27C1E9123A900DBB580 /* Release */ = {
			isa = XCBuildConfiguration;
			buildSettings = {
				ASSETCATALOG_COMPILER_APPICON_NAME = AppIcon;
				DEVELOPMENT_TEAM = 6EPR9L98WL;
				INFOPLIST_FILE = MapKitDirection/Info.plist;
				LD_RUNPATH_SEARCH_PATHS = "$(inherited) @executable_path/Frameworks";
				PRODUCT_BUNDLE_IDENTIFIER = VladysalvFIlippov.MapKitDirection;
				PRODUCT_NAME = "$(TARGET_NAME)";
				SWIFT_VERSION = 3.0;
			};
			name = Release;
		};
		BA01D27E1E9123A900DBB580 /* Debug */ = {
			isa = XCBuildConfiguration;
			buildSettings = {
				ALWAYS_EMBED_SWIFT_STANDARD_LIBRARIES = YES;
				BUNDLE_LOADER = "$(TEST_HOST)";
				DEVELOPMENT_TEAM = 6EPR9L98WL;
				INFOPLIST_FILE = MapKitDirectionTests/Info.plist;
				LD_RUNPATH_SEARCH_PATHS = "$(inherited) @executable_path/Frameworks @loader_path/Frameworks";
				PRODUCT_BUNDLE_IDENTIFIER = VladysalvFIlippov.MapKitDirectionTests;
				PRODUCT_NAME = "$(TARGET_NAME)";
				SWIFT_VERSION = 3.0;
				TEST_HOST = "$(BUILT_PRODUCTS_DIR)/MapKitDirection.app/MapKitDirection";
			};
			name = Debug;
		};
		BA01D27F1E9123A900DBB580 /* Release */ = {
			isa = XCBuildConfiguration;
			buildSettings = {
				ALWAYS_EMBED_SWIFT_STANDARD_LIBRARIES = YES;
				BUNDLE_LOADER = "$(TEST_HOST)";
				DEVELOPMENT_TEAM = 6EPR9L98WL;
				INFOPLIST_FILE = MapKitDirectionTests/Info.plist;
				LD_RUNPATH_SEARCH_PATHS = "$(inherited) @executable_path/Frameworks @loader_path/Frameworks";
				PRODUCT_BUNDLE_IDENTIFIER = VladysalvFIlippov.MapKitDirectionTests;
				PRODUCT_NAME = "$(TARGET_NAME)";
				SWIFT_VERSION = 3.0;
				TEST_HOST = "$(BUILT_PRODUCTS_DIR)/MapKitDirection.app/MapKitDirection";
			};
			name = Release;
		};
		BA01D2811E9123A900DBB580 /* Debug */ = {
			isa = XCBuildConfiguration;
			buildSettings = {
				ALWAYS_EMBED_SWIFT_STANDARD_LIBRARIES = YES;
				DEVELOPMENT_TEAM = 6EPR9L98WL;
				INFOPLIST_FILE = MapKitDirectionUITests/Info.plist;
				LD_RUNPATH_SEARCH_PATHS = "$(inherited) @executable_path/Frameworks @loader_path/Frameworks";
				PRODUCT_BUNDLE_IDENTIFIER = VladysalvFIlippov.MapKitDirectionUITests;
				PRODUCT_NAME = "$(TARGET_NAME)";
				SWIFT_VERSION = 3.0;
				TEST_TARGET_NAME = MapKitDirection;
			};
			name = Debug;
		};
		BA01D2821E9123A900DBB580 /* Release */ = {
			isa = XCBuildConfiguration;
			buildSettings = {
				ALWAYS_EMBED_SWIFT_STANDARD_LIBRARIES = YES;
				DEVELOPMENT_TEAM = 6EPR9L98WL;
				INFOPLIST_FILE = MapKitDirectionUITests/Info.plist;
				LD_RUNPATH_SEARCH_PATHS = "$(inherited) @executable_path/Frameworks @loader_path/Frameworks";
				PRODUCT_BUNDLE_IDENTIFIER = VladysalvFIlippov.MapKitDirectionUITests;
				PRODUCT_NAME = "$(TARGET_NAME)";
				SWIFT_VERSION = 3.0;
				TEST_TARGET_NAME = MapKitDirection;
			};
			name = Release;
		};
/* End XCBuildConfiguration section */

/* Begin XCConfigurationList section */
		BA01D24D1E9123A800DBB580 /* Build configuration list for PBXProject "MapKitDirection" */ = {
			isa = XCConfigurationList;
			buildConfigurations = (
				BA01D2781E9123A900DBB580 /* Debug */,
				BA01D2791E9123A900DBB580 /* Release */,
			);
			defaultConfigurationIsVisible = 0;
			defaultConfigurationName = Release;
		};
		BA01D27A1E9123A900DBB580 /* Build configuration list for PBXNativeTarget "MapKitDirection" */ = {
			isa = XCConfigurationList;
			buildConfigurations = (
				BA01D27B1E9123A900DBB580 /* Debug */,
				BA01D27C1E9123A900DBB580 /* Release */,
			);
			defaultConfigurationIsVisible = 0;
		};
		BA01D27D1E9123A900DBB580 /* Build configuration list for PBXNativeTarget "MapKitDirectionTests" */ = {
			isa = XCConfigurationList;
			buildConfigurations = (
				BA01D27E1E9123A900DBB580 /* Debug */,
				BA01D27F1E9123A900DBB580 /* Release */,
			);
			defaultConfigurationIsVisible = 0;
		};
		BA01D2801E9123A900DBB580 /* Build configuration list for PBXNativeTarget "MapKitDirectionUITests" */ = {
			isa = XCConfigurationList;
			buildConfigurations = (
				BA01D2811E9123A900DBB580 /* Debug */,
				BA01D2821E9123A900DBB580 /* Release */,
			);
			defaultConfigurationIsVisible = 0;
		};
/* End XCConfigurationList section */
	};
	rootObject = BA01D24A1E9123A800DBB580 /* Project object */;
}
